
Microsoft Visual Studio Solution File, Format Version 12.00
# Visual Studio Version 17
VisualStudioVersion = 17.3.32804.467
MinimumVisualStudioVersion = 10.0.40219.1
Project("{FAE04EC0-301F-11D3-BF4B-00C04F79EFBC}") = "TouristPlaceWebApi", "TouristPlaceWebApi\TouristPlaceWebApi.csproj", "{CD3ECE38-5205-4AAC-A181-C243300951FD}"
EndProject
Global
	GlobalSection(SolutionConfigurationPlatforms) = preSolution
		Debug|Any CPU = Debug|Any CPU
		Release|Any CPU = Release|Any CPU
	EndGlobalSection
	GlobalSection(ProjectConfigurationPlatforms) = postSolution
		{CD3ECE38-5205-4AAC-A181-C243300951FD}.Debug|Any CPU.ActiveCfg = Debug|Any CPU
		{CD3ECE38-5205-4AAC-A181-C243300951FD}.Debug|Any CPU.Build.0 = Debug|Any CPU
		{CD3ECE38-5205-4AAC-A181-C243300951FD}.Release|Any CPU.ActiveCfg = Release|Any CPU
		{CD3ECE38-5205-4AAC-A181-C243300951FD}.Release|Any CPU.Build.0 = Release|Any CPU
	EndGlobalSection
	GlobalSection(SolutionProperties) = preSolution
		HideSolutionNode = FALSE
	EndGlobalSection
	GlobalSection(ExtensibilityGlobals) = postSolution
		SolutionGuid = {A40BBBD6-C67B-4C0D-B1BF-66686BB95FE3}
	EndGlobalSection
EndGlobal
